
Microsoft Visual Studio Solution File, Format Version 12.00
# Visual Studio Version 16
VisualStudioVersion = 16.0.31019.35
MinimumVisualStudioVersion = 10.0.40219.1
Project("{FAE04EC0-301F-11D3-BF4B-00C04F79EFBC}") = "FitnessApp", "FitnessApp.csproj", "{C83D8FA8-FD03-4300-81DC-05BE58EB98FC}"
EndProject
Global
	GlobalSection(SolutionConfigurationPlatforms) = preSolution
		Debug|Any CPU = Debug|Any CPU
		Release|Any CPU = Release|Any CPU
	EndGlobalSection
	GlobalSection(ProjectConfigurationPlatforms) = postSolution
		{C83D8FA8-FD03-4300-81DC-05BE58EB98FC}.Debug|Any CPU.ActiveCfg = Debug|Any CPU
		{C83D8FA8-FD03-4300-81DC-05BE58EB98FC}.Debug|Any CPU.Build.0 = Debug|Any CPU
		{C83D8FA8-FD03-4300-81DC-05BE58EB98FC}.Release|Any CPU.ActiveCfg = Release|Any CPU
		{C83D8FA8-FD03-4300-81DC-05BE58EB98FC}.Release|Any CPU.Build.0 = Release|Any CPU
	EndGlobalSection
	GlobalSection(SolutionProperties) = preSolution
		HideSolutionNode = FALSE
	EndGlobalSection
	GlobalSection(ExtensibilityGlobals) = postSolution
		SolutionGuid = {AD8ED01E-F2F7-4E89-8F53-0C1FDD3AA56D}
	EndGlobalSection
EndGlobal
